
Microsoft Visual Studio Solution File, Format Version 12.00
# Visual Studio Version 17
VisualStudioVersion = 17.7.34031.279
MinimumVisualStudioVersion = 10.0.40219.1
Project("{FAE04EC0-301F-11D3-BF4B-00C04F79EFBC}") = "HithamKhalilEP.Presentation", "HithamKhalilEP.Presentation\HithamKhalilEP.Presentation.csproj", "{C968FDDA-9A83-4E49-9B92-14CB737C3D71}"
EndProject
Project("{FAE04EC0-301F-11D3-BF4B-00C04F79EFBC}") = "HithamKhalilEP.Domain", "HithamKhalilEP.Domain\HithamKhalilEP.Domain.csproj", "{47B35681-F95B-4C2D-98CD-862B126CBC9D}"
EndProject
Project("{FAE04EC0-301F-11D3-BF4B-00C04F79EFBC}") = "HithamKhalilEP.DataAccess", "HithamKhalilEP.DataAccess\HithamKhalilEP.DataAccess.csproj", "{31A05864-C830-4C75-AECA-999B4A2C2ABE}"
EndProject
Global
	GlobalSection(SolutionConfigurationPlatforms) = preSolution
		Debug|Any CPU = Debug|Any CPU
		Release|Any CPU = Release|Any CPU
	EndGlobalSection
	GlobalSection(ProjectConfigurationPlatforms) = postSolution
		{C968FDDA-9A83-4E49-9B92-14CB737C3D71}.Debug|Any CPU.ActiveCfg = Debug|Any CPU
		{C968FDDA-9A83-4E49-9B92-14CB737C3D71}.Debug|Any CPU.Build.0 = Debug|Any CPU
		{C968FDDA-9A83-4E49-9B92-14CB737C3D71}.Release|Any CPU.ActiveCfg = Release|Any CPU
		{C968FDDA-9A83-4E49-9B92-14CB737C3D71}.Release|Any CPU.Build.0 = Release|Any CPU
		{47B35681-F95B-4C2D-98CD-862B126CBC9D}.Debug|Any CPU.ActiveCfg = Debug|Any CPU
		{47B35681-F95B-4C2D-98CD-862B126CBC9D}.Debug|Any CPU.Build.0 = Debug|Any CPU
		{47B35681-F95B-4C2D-98CD-862B126CBC9D}.Release|Any CPU.ActiveCfg = Release|Any CPU
		{47B35681-F95B-4C2D-98CD-862B126CBC9D}.Release|Any CPU.Build.0 = Release|Any CPU
		{31A05864-C830-4C75-AECA-999B4A2C2ABE}.Debug|Any CPU.ActiveCfg = Debug|Any CPU
		{31A05864-C830-4C75-AECA-999B4A2C2ABE}.Debug|Any CPU.Build.0 = Debug|Any CPU
		{31A05864-C830-4C75-AECA-999B4A2C2ABE}.Release|Any CPU.ActiveCfg = Release|Any CPU
		{31A05864-C830-4C75-AECA-999B4A2C2ABE}.Release|Any CPU.Build.0 = Release|Any CPU
	EndGlobalSection
	GlobalSection(SolutionProperties) = preSolution
		HideSolutionNode = FALSE
	EndGlobalSection
	GlobalSection(ExtensibilityGlobals) = postSolution
		SolutionGuid = {EA1AC19F-8BFA-4451-B121-CD3C83860A38}
	EndGlobalSection
EndGlobal
